
Microsoft Visual Studio Solution File, Format Version 12.00
# Visual Studio Version 16
VisualStudioVersion = 16.0.31624.102
MinimumVisualStudioVersion = 10.0.40219.1
Project("{FAE04EC0-301F-11D3-BF4B-00C04F79EFBC}") = "DiceGame", "DiceGame\DiceGame.csproj", "{FE135250-9852-4363-9296-7455A92AD5AB}"
EndProject
Global
	GlobalSection(SolutionConfigurationPlatforms) = preSolution
		Debug|Any CPU = Debug|Any CPU
		Release|Any CPU = Release|Any CPU
	EndGlobalSection
	GlobalSection(ProjectConfigurationPlatforms) = postSolution
		{FE135250-9852-4363-9296-7455A92AD5AB}.Debug|Any CPU.ActiveCfg = Debug|Any CPU
		{FE135250-9852-4363-9296-7455A92AD5AB}.Debug|Any CPU.Build.0 = Debug|Any CPU
		{FE135250-9852-4363-9296-7455A92AD5AB}.Release|Any CPU.ActiveCfg = Release|Any CPU
		{FE135250-9852-4363-9296-7455A92AD5AB}.Release|Any CPU.Build.0 = Release|Any CPU
	EndGlobalSection
	GlobalSection(SolutionProperties) = preSolution
		HideSolutionNode = FALSE
	EndGlobalSection
	GlobalSection(ExtensibilityGlobals) = postSolution
		SolutionGuid = {4833CCDC-8D37-4B46-82E4-E53E48AE5BB4}
	EndGlobalSection
EndGlobal
